
Microsoft Visual Studio Solution File, Format Version 12.00
# Visual Studio Version 17
VisualStudioVersion = 17.9.34728.123
MinimumVisualStudioVersion = 10.0.40219.1
Project("{FAE04EC0-301F-11D3-BF4B-00C04F79EFBC}") = "API.Project", "API.Project\API.Project.csproj", "{6BFCCB46-E695-449A-827E-1EE0D0CA31F5}"
EndProject
Global
	GlobalSection(SolutionConfigurationPlatforms) = preSolution
		Debug|Any CPU = Debug|Any CPU
		Release|Any CPU = Release|Any CPU
	EndGlobalSection
	GlobalSection(ProjectConfigurationPlatforms) = postSolution
		{6BFCCB46-E695-449A-827E-1EE0D0CA31F5}.Debug|Any CPU.ActiveCfg = Debug|Any CPU
		{6BFCCB46-E695-449A-827E-1EE0D0CA31F5}.Debug|Any CPU.Build.0 = Debug|Any CPU
		{6BFCCB46-E695-449A-827E-1EE0D0CA31F5}.Release|Any CPU.ActiveCfg = Release|Any CPU
		{6BFCCB46-E695-449A-827E-1EE0D0CA31F5}.Release|Any CPU.Build.0 = Release|Any CPU
	EndGlobalSection
	GlobalSection(SolutionProperties) = preSolution
		HideSolutionNode = FALSE
	EndGlobalSection
	GlobalSection(ExtensibilityGlobals) = postSolution
		SolutionGuid = {EBD83D55-3441-40A4-A4F3-5ED9BD824320}
	EndGlobalSection
EndGlobal
